
Microsoft Visual Studio Solution File, Format Version 12.00
# Visual Studio Version 17
VisualStudioVersion = 17.7.34003.232
MinimumVisualStudioVersion = 10.0.40219.1
Project("{FAE04EC0-301F-11D3-BF4B-00C04F79EFBC}") = "Proxy_Server", "Proxy_Server\Proxy_Server.csproj", "{B403934F-F386-4EFB-AED8-EAE57865E817}"
EndProject
Global
	GlobalSection(SolutionConfigurationPlatforms) = preSolution
		Debug|Any CPU = Debug|Any CPU
		Release|Any CPU = Release|Any CPU
	EndGlobalSection
	GlobalSection(ProjectConfigurationPlatforms) = postSolution
		{B403934F-F386-4EFB-AED8-EAE57865E817}.Debug|Any CPU.ActiveCfg = Debug|Any CPU
		{B403934F-F386-4EFB-AED8-EAE57865E817}.Debug|Any CPU.Build.0 = Debug|Any CPU
		{B403934F-F386-4EFB-AED8-EAE57865E817}.Release|Any CPU.ActiveCfg = Release|Any CPU
		{B403934F-F386-4EFB-AED8-EAE57865E817}.Release|Any CPU.Build.0 = Release|Any CPU
	EndGlobalSection
	GlobalSection(SolutionProperties) = preSolution
		HideSolutionNode = FALSE
	EndGlobalSection
	GlobalSection(ExtensibilityGlobals) = postSolution
		SolutionGuid = {15D191D0-92DA-430C-A862-060C2335C301}
	EndGlobalSection
EndGlobal
